
Microsoft Visual Studio Solution File, Format Version 12.00
# Visual Studio Version 17
VisualStudioVersion = 17.9.34723.18
MinimumVisualStudioVersion = 10.0.40219.1
Project("{FAE04EC0-301F-11D3-BF4B-00C04F79EFBC}") = "BtlWebNangCao", "BtlWebNangCao.csproj", "{087ACA1A-E0B0-4496-A0E7-2353B83ECEF2}"
EndProject
Global
	GlobalSection(SolutionConfigurationPlatforms) = preSolution
		Debug|Any CPU = Debug|Any CPU
		Release|Any CPU = Release|Any CPU
	EndGlobalSection
	GlobalSection(ProjectConfigurationPlatforms) = postSolution
		{087ACA1A-E0B0-4496-A0E7-2353B83ECEF2}.Debug|Any CPU.ActiveCfg = Debug|Any CPU
		{087ACA1A-E0B0-4496-A0E7-2353B83ECEF2}.Debug|Any CPU.Build.0 = Debug|Any CPU
		{087ACA1A-E0B0-4496-A0E7-2353B83ECEF2}.Release|Any CPU.ActiveCfg = Release|Any CPU
		{087ACA1A-E0B0-4496-A0E7-2353B83ECEF2}.Release|Any CPU.Build.0 = Release|Any CPU
	EndGlobalSection
	GlobalSection(SolutionProperties) = preSolution
		HideSolutionNode = FALSE
	EndGlobalSection
	GlobalSection(ExtensibilityGlobals) = postSolution
		SolutionGuid = {667FD535-F202-442A-B42F-7D9AA018EFB7}
	EndGlobalSection
EndGlobal
